
Microsoft Visual Studio Solution File, Format Version 12.00
# Visual Studio Version 17
VisualStudioVersion = 17.7.34031.279
MinimumVisualStudioVersion = 10.0.40219.1
Project("{9A19103F-16F7-4668-BE54-9A1E7A4F7556}") = "ToyRobot.Domain", "ToyRobot.Domain\ToyRobot.Domain.csproj", "{C5938608-9F9F-4FD4-9278-6581428C9B58}"
EndProject
Project("{9A19103F-16F7-4668-BE54-9A1E7A4F7556}") = "ToyRobot.Service", "ToyRobot.Service\ToyRobot.Service.csproj", "{215C072D-F79E-4DEA-83A9-21382983C7C3}"
EndProject
Project("{9A19103F-16F7-4668-BE54-9A1E7A4F7556}") = "ToyRobot.ConsoleApp", "ToyRobot.ConsoleApp\ToyRobot.ConsoleApp.csproj", "{66AC3834-8BF5-4D50-B1C8-C1B312A49626}"
EndProject
Project("{FAE04EC0-301F-11D3-BF4B-00C04F79EFBC}") = "ToyRobot.Domain.Test", "ToyRobot.Domain.Test\ToyRobot.Domain.Test.csproj", "{9A98C940-17AD-4C9A-BEE0-1B459605341C}"
EndProject
Project("{FAE04EC0-301F-11D3-BF4B-00C04F79EFBC}") = "ToyRobot.Serivce.Test", "ToyRobot.Serivce.Test\ToyRobot.Serivce.Test.csproj", "{302F0B2E-D7C6-43FB-A122-C3CB0ABCC506}"
EndProject
Global
	GlobalSection(SolutionConfigurationPlatforms) = preSolution
		Debug|Any CPU = Debug|Any CPU
		Release|Any CPU = Release|Any CPU
	EndGlobalSection
	GlobalSection(ProjectConfigurationPlatforms) = postSolution
		{C5938608-9F9F-4FD4-9278-6581428C9B58}.Debug|Any CPU.ActiveCfg = Debug|Any CPU
		{C5938608-9F9F-4FD4-9278-6581428C9B58}.Debug|Any CPU.Build.0 = Debug|Any CPU
		{C5938608-9F9F-4FD4-9278-6581428C9B58}.Release|Any CPU.ActiveCfg = Release|Any CPU
		{C5938608-9F9F-4FD4-9278-6581428C9B58}.Release|Any CPU.Build.0 = Release|Any CPU
		{215C072D-F79E-4DEA-83A9-21382983C7C3}.Debug|Any CPU.ActiveCfg = Debug|Any CPU
		{215C072D-F79E-4DEA-83A9-21382983C7C3}.Debug|Any CPU.Build.0 = Debug|Any CPU
		{215C072D-F79E-4DEA-83A9-21382983C7C3}.Release|Any CPU.ActiveCfg = Release|Any CPU
		{215C072D-F79E-4DEA-83A9-21382983C7C3}.Release|Any CPU.Build.0 = Release|Any CPU
		{66AC3834-8BF5-4D50-B1C8-C1B312A49626}.Debug|Any CPU.ActiveCfg = Debug|Any CPU
		{66AC3834-8BF5-4D50-B1C8-C1B312A49626}.Debug|Any CPU.Build.0 = Debug|Any CPU
		{66AC3834-8BF5-4D50-B1C8-C1B312A49626}.Release|Any CPU.ActiveCfg = Release|Any CPU
		{66AC3834-8BF5-4D50-B1C8-C1B312A49626}.Release|Any CPU.Build.0 = Release|Any CPU
		{9A98C940-17AD-4C9A-BEE0-1B459605341C}.Debug|Any CPU.ActiveCfg = Debug|Any CPU
		{9A98C940-17AD-4C9A-BEE0-1B459605341C}.Debug|Any CPU.Build.0 = Debug|Any CPU
		{9A98C940-17AD-4C9A-BEE0-1B459605341C}.Release|Any CPU.ActiveCfg = Release|Any CPU
		{9A98C940-17AD-4C9A-BEE0-1B459605341C}.Release|Any CPU.Build.0 = Release|Any CPU
		{302F0B2E-D7C6-43FB-A122-C3CB0ABCC506}.Debug|Any CPU.ActiveCfg = Debug|Any CPU
		{302F0B2E-D7C6-43FB-A122-C3CB0ABCC506}.Debug|Any CPU.Build.0 = Debug|Any CPU
		{302F0B2E-D7C6-43FB-A122-C3CB0ABCC506}.Release|Any CPU.ActiveCfg = Release|Any CPU
		{302F0B2E-D7C6-43FB-A122-C3CB0ABCC506}.Release|Any CPU.Build.0 = Release|Any CPU
	EndGlobalSection
	GlobalSection(SolutionProperties) = preSolution
		HideSolutionNode = FALSE
	EndGlobalSection
	GlobalSection(ExtensibilityGlobals) = postSolution
		SolutionGuid = {3BAFDBFD-0396-428B-94CA-7CD17C251C5D}
	EndGlobalSection
EndGlobal
